{
  "requires": true,
  "lockfileVersion": 1,
  "dependencies": {
    "@types/anymatch": {
      "version": "1.3.1",
      "resolved": "https://registry.npmjs.org/@types/anymatch/-/anymatch-1.3.1.tgz",
      "integrity": "sha512-/+CRPXpBDpo2RK9C68N3b2cOvO0Cf5B9aPijHsoDQTHivnGSObdOF2BRQOYjojWTDy6nQvMjmqRXIxH55VjxxA==",
      "dev": true
    },
    "@types/atob": {
      "version": "2.1.2",
      "resolved": "https://registry.npmjs.org/@types/atob/-/atob-2.1.2.tgz",
      "integrity": "sha512-8GAYQ1jDRUQkSpHzJUqXwAkYFOxuWAOGLhIR4aPd/Y/yL12Q/9m7LsKpHKlfKdNE/362Hc9wPI1Yh6opDfxVJg==",
      "dev": true
    },
    "@types/config": {
      "version": "0.0.37",
      "resolved": "https://registry.npmjs.org/@types/config/-/config-0.0.37.tgz",
      "integrity": "sha512-mi2uI9O09hc2J1AoyGz92Apm5N4UkGlNTvjaRgUYHy/G/rCKbwR0fd0b51k5E/PKHIUBCuTAZJgeluh+hHqu/Q==",
      "dev": true
    },
    "@types/node": {
      "version": "14.14.9",
      "resolved": "https://registry.npmjs.org/@types/node/-/node-14.14.9.tgz",
      "integrity": "sha512-JsoLXFppG62tWTklIoO4knA+oDTYsmqWxHRvd4lpmfQRNhX6osheUOWETP2jMoV/2bEHuMra8Pp3Dmo/stBFcw==",
      "dev": true
    },
    "@types/node-fetch": {
      "version": "2.5.7",
      "resolved": "https://registry.npmjs.org/@types/node-fetch/-/node-fetch-2.5.7.tgz",
      "integrity": "sha512-o2WVNf5UhWRkxlf6eq+jMZDu7kjgpgJfl4xVNlvryc95O/6F2ld8ztKX+qu+Rjyet93WAWm5LjeX9H5FGkODvw==",
      "dev": true,
      "requires": {
        "@types/node": "*",
        "form-data": "^3.0.0"
      }
    },
    "@types/nodemailer": {
      "version": "6.4.0",
      "resolved": "https://registry.npmjs.org/@types/nodemailer/-/nodemailer-6.4.0.tgz",
      "integrity": "sha512-KY7bFWB0MahRZvVW4CuW83qcCDny59pJJ0MQ5ifvfcjNwPlIT0vW4uARO4u1gtkYnWdhSvURegecY/tzcukJcA==",
      "dev": true,
      "requires": {
        "@types/node": "*"
      }
    },
    "@types/object-assign": {
      "version": "4.0.30",
      "resolved": "https://registry.npmjs.org/@types/object-assign/-/object-assign-4.0.30.tgz",
      "integrity": "sha1-iUk3HVqZ9Dge4PHfCpt6GH4H5lI=",
      "dev": true
    },
    "@types/object-path": {
      "version": "0.11.0",
      "resolved": "https://registry.npmjs.org/@types/object-path/-/object-path-0.11.0.tgz",
      "integrity": "sha512-/tuN8jDbOXcPk+VzEVZzzAgw1Byz7s/itb2YI10qkSyy6nykJH02DuhfrflxVdAdE7AZ91h5X6Cn0dmVdFw2TQ==",
      "dev": true
    },
    "@types/prop-types": {
      "version": "15.7.3",
      "resolved": "https://registry.npmjs.org/@types/prop-types/-/prop-types-15.7.3.tgz",
      "integrity": "sha512-KfRL3PuHmqQLOG+2tGpRO26Ctg+Cq1E01D2DMriKEATHgWLfeNDmq9e29Q9WIky0dQ3NPkd1mzYH8Lm936Z9qw==",
      "dev": true
    },
    "@types/qrcode": {
      "version": "1.3.5",
      "resolved": "https://registry.npmjs.org/@types/qrcode/-/qrcode-1.3.5.tgz",
      "integrity": "sha512-92QMnMb9m0ErBU20za5Eqtf4lzUcSkk5w/Cz30q5qod0lWHm2loztmFs2EnCY06yT51GY1+m/oFq2D8qVK2Bjg==",
      "dev": true,
      "requires": {
        "@types/node": "*"
      }
    },
    "@types/react": {
      "version": "17.0.0",
      "resolved": "https://registry.npmjs.org/@types/react/-/react-17.0.0.tgz",
      "integrity": "sha512-aj/L7RIMsRlWML3YB6KZiXB3fV2t41+5RBGYF8z+tAKU43Px8C3cYUZsDvf1/+Bm4FK21QWBrDutu8ZJ/70qOw==",
      "dev": true,
      "requires": {
        "@types/prop-types": "*",
        "csstype": "^3.0.2"
      }
    },
    "@types/react-dom": {
      "version": "17.0.0",
      "resolved": "https://registry.npmjs.org/@types/react-dom/-/react-dom-17.0.0.tgz",
      "integrity": "sha512-lUqY7OlkF/RbNtD5nIq7ot8NquXrdFrjSOR6+w9a9RFQevGi1oZO1dcJbXMeONAPKtZ2UrZOEJ5UOCVsxbLk/g==",
      "dev": true,
      "requires": {
        "@types/react": "*"
      }
    },
    "@types/source-list-map": {
      "version": "0.1.2",
      "resolved": "https://registry.npmjs.org/@types/source-list-map/-/source-list-map-0.1.2.tgz",
      "integrity": "sha512-K5K+yml8LTo9bWJI/rECfIPrGgxdpeNbj+d53lwN4QjW1MCwlkhUms+gtdzigTeUyBr09+u8BwOIY3MXvHdcsA==",
      "dev": true
    },
    "@types/sprintf": {
      "version": "0.1.0",
      "resolved": "https://registry.npmjs.org/@types/sprintf/-/sprintf-0.1.0.tgz",
      "integrity": "sha512-2nCrar+IHBF8avAipoO3MmZm+pe3haEM/jD+4TeDaGmrBT7CdJb/k0jQ5HomtXgsScuV3ud/GoFuv7kUDe4Vfw==",
      "dev": true
    },
    "@types/tapable": {
      "version": "1.0.6",
      "resolved": "https://registry.npmjs.org/@types/tapable/-/tapable-1.0.6.tgz",
      "integrity": "sha512-W+bw9ds02rAQaMvaLYxAbJ6cvguW/iJXNT6lTssS1ps6QdrMKttqEAMEG/b5CR8TZl3/L7/lH0ZV5nNR1LXikA==",
      "dev": true
    },
    "@types/uglify-js": {
      "version": "3.11.1",
      "resolved": "https://registry.npmjs.org/@types/uglify-js/-/uglify-js-3.11.1.tgz",
      "integrity": "sha512-7npvPKV+jINLu1SpSYVWG8KvyJBhBa8tmzMMdDoVc2pWUYHN8KIXlPJhjJ4LT97c4dXJA2SHL/q6ADbDriZN+Q==",
      "dev": true,
      "requires": {
        "source-map": "^0.6.1"
      }
    },
    "@types/webpack": {
      "version": "4.41.25",
      "resolved": "https://registry.npmjs.org/@types/webpack/-/webpack-4.41.25.tgz",
      "integrity": "sha512-cr6kZ+4m9lp86ytQc1jPOJXgINQyz3kLLunZ57jznW+WIAL0JqZbGubQk4GlD42MuQL5JGOABrxdpqqWeovlVQ==",
      "dev": true,
      "requires": {
        "@types/anymatch": "*",
        "@types/node": "*",
        "@types/tapable": "*",
        "@types/uglify-js": "*",
        "@types/webpack-sources": "*",
        "source-map": "^0.6.0"
      }
    },
    "@types/webpack-sources": {
      "version": "2.0.0",
      "resolved": "https://registry.npmjs.org/@types/webpack-sources/-/webpack-sources-2.0.0.tgz",
      "integrity": "sha512-a5kPx98CNFRKQ+wqawroFunvFqv7GHm/3KOI52NY9xWADgc8smu4R6prt4EU/M4QfVjvgBkMqU4fBhw3QfMVkg==",
      "dev": true,
      "requires": {
        "@types/node": "*",
        "@types/source-list-map": "*",
        "source-map": "^0.7.3"
      },
      "dependencies": {
        "source-map": {
          "version": "0.7.3",
          "resolved": "https://registry.npmjs.org/source-map/-/source-map-0.7.3.tgz",
          "integrity": "sha512-CkCj6giN3S+n9qrYiBTX5gystlENnRW5jZeNLHpe6aue+SrHcG5VYwujhW9s4dY31mEGsxBDrHR6oI69fTXsaQ==",
          "dev": true
        }
      }
    },
    "asynckit": {
      "version": "0.4.0",
      "resolved": "https://registry.npmjs.org/asynckit/-/asynckit-0.4.0.tgz",
      "integrity": "sha1-x57Zf380y48robyXkLzDZkdLS3k=",
      "dev": true
    },
    "combined-stream": {
      "version": "1.0.8",
      "resolved": "https://registry.npmjs.org/combined-stream/-/combined-stream-1.0.8.tgz",
      "integrity": "sha512-FQN4MRfuJeHf7cBbBMJFXhKSDq+2kAArBlmRBvcvFE5BB1HZKXtSFASDhdlz9zOYwxh8lDdnvmMOe/+5cdoEdg==",
      "dev": true,
      "requires": {
        "delayed-stream": "~1.0.0"
      }
    },
    "csstype": {
      "version": "3.0.5",
      "resolved": "https://registry.npmjs.org/csstype/-/csstype-3.0.5.tgz",
      "integrity": "sha512-uVDi8LpBUKQj6sdxNaTetL6FpeCqTjOvAQuQUa/qAqq8oOd4ivkbhgnqayl0dnPal8Tb/yB1tF+gOvCBiicaiQ==",
      "dev": true
    },
    "delayed-stream": {
      "version": "1.0.0",
      "resolved": "https://registry.npmjs.org/delayed-stream/-/delayed-stream-1.0.0.tgz",
      "integrity": "sha1-3zrhmayt+31ECqrgsp4icrJOxhk=",
      "dev": true
    },
    "form-data": {
      "version": "3.0.0",
      "resolved": "https://registry.npmjs.org/form-data/-/form-data-3.0.0.tgz",
      "integrity": "sha512-CKMFDglpbMi6PyN+brwB9Q/GOw0eAnsrEZDgcsH5Krhz5Od/haKHAX0NmQfha2zPPz0JpWzA7GJHGSnvCRLWsg==",
      "dev": true,
      "requires": {
        "asynckit": "^0.4.0",
        "combined-stream": "^1.0.8",
        "mime-types": "^2.1.12"
      }
    },
    "mime-db": {
      "version": "1.44.0",
      "resolved": "https://registry.npmjs.org/mime-db/-/mime-db-1.44.0.tgz",
      "integrity": "sha512-/NOTfLrsPBVeH7YtFPgsVWveuL+4SjjYxaQ1xtM1KMFj7HdxlBlxeyNLzhyJVx7r4rZGJAZ/6lkKCitSc/Nmpg==",
      "dev": true
    },
    "mime-types": {
      "version": "2.1.27",
      "resolved": "https://registry.npmjs.org/mime-types/-/mime-types-2.1.27.tgz",
      "integrity": "sha512-JIhqnCasI9yD+SsmkquHBxTSEuZdQX5BuQnS2Vc7puQQQ+8yiP5AY5uWhpdv4YL4VM5c6iliiYWPgJ/nJQLp7w==",
      "dev": true,
      "requires": {
        "mime-db": "1.44.0"
      }
    },
    "source-map": {
      "version": "0.6.1",
      "resolved": "https://registry.npmjs.org/source-map/-/source-map-0.6.1.tgz",
      "integrity": "sha512-UjgapumWlbMhkBgzT7Ykc5YXUT46F0iKu8SGXq0bcwP5dz/h0Plj6enJqjz1Zbq2l5WaqYnrVbwWOWMyF3F47g==",
      "dev": true
    },
    "types-registry": {
      "version": "0.1.519",
      "resolved": "https://registry.npmjs.org/types-registry/-/types-registry-0.1.519.tgz",
      "integrity": "sha512-ANtV0YFtlRURSV0VyqDgpH1S/VBd6AHGDC2okEi6loO0QsvzQxIIL6AKgEsd62sz2lu2IWwkVFTBsQA7FOUF+w=="
    }
  }
}
