{
  "requires": true,
  "lockfileVersion": 1,
  "dependencies": {
    "types-registry": {
      "version": "0.1.497",
      "resolved": "https://registry.npmjs.org/types-registry/-/types-registry-0.1.497.tgz",
      "integrity": "sha512-5fwwIk26O8Hud5Uy2jGmE1xrxSnuBb70xlsRs+11zCoTHrmF8puCuoCiGit+p7puJDff37pc9teZki3LDJGn9Q=="
    }
  }
}
